
Microsoft Visual Studio Solution File, Format Version 12.00
# Visual Studio Version 17
VisualStudioVersion = 17.13.35806.99
MinimumVisualStudioVersion = 10.0.40219.1
Project("{FAE04EC0-301F-11D3-BF4B-00C04F79EFBC}") = "FigmaToWPF", "FigmaToWPF\FigmaToWPF.csproj", "{9DA4B15F-289C-416E-909E-7DAC199EC2DB}"
EndProject
Project("{54435603-DBB4-11D2-8724-00A0C9A8B90C}") = "Figma To WPF", "Figma To WPF\Figma To WPF.vdproj", "{2764883B-2C46-07CE-1366-52F31AAF8211}"
EndProject
Global
	GlobalSection(SolutionConfigurationPlatforms) = preSolution
		Debug|Any CPU = Debug|Any CPU
		Release|Any CPU = Release|Any CPU
	EndGlobalSection
	GlobalSection(ProjectConfigurationPlatforms) = postSolution
		{9DA4B15F-289C-416E-909E-7DAC199EC2DB}.Debug|Any CPU.ActiveCfg = Debug|Any CPU
		{9DA4B15F-289C-416E-909E-7DAC199EC2DB}.Debug|Any CPU.Build.0 = Debug|Any CPU
		{9DA4B15F-289C-416E-909E-7DAC199EC2DB}.Release|Any CPU.ActiveCfg = Release|Any CPU
		{9DA4B15F-289C-416E-909E-7DAC199EC2DB}.Release|Any CPU.Build.0 = Release|Any CPU
		{2764883B-2C46-07CE-1366-52F31AAF8211}.Debug|Any CPU.ActiveCfg = Debug
		{2764883B-2C46-07CE-1366-52F31AAF8211}.Release|Any CPU.ActiveCfg = Release
	EndGlobalSection
	GlobalSection(SolutionProperties) = preSolution
		HideSolutionNode = FALSE
	EndGlobalSection
	GlobalSection(ExtensibilityGlobals) = postSolution
		SolutionGuid = {51518010-ED25-4CBF-9C99-53097239FDCF}
	EndGlobalSection
EndGlobal
